// !$*UTF8*$!
{
	archiveVersion = 1;
	classes = {
	};
	objectVersion = 46;
	objects = {

/* Begin PBXBuildFile section */
		1B24960F14EB9B49007F8166 /* NSError+POSIX.m in Sources */ = {isa = PBXBuildFile; fileRef = 1B24960E14EB9B49007F8166 /* NSError+POSIX.m */; };
		1B42176E14F97E9300E95F2F /* Nimbus.icns in Resources */ = {isa = PBXBuildFile; fileRef = 1B42176D14F97E9300E95F2F /* Nimbus.icns */; };
		1B7F4AEB14DB61A5002D1B93 /* Cocoa.framework in Frameworks */ = {isa = PBXBuildFile; fileRef = 1B7F4AEA14DB61A5002D1B93 /* Cocoa.framework */; };
		1B7F4AF514DB61A5002D1B93 /* InfoPlist.strings in Resources */ = {isa = PBXBuildFile; fileRef = 1B7F4AF314DB61A5002D1B93 /* InfoPlist.strings */; };
		1B7F4AF714DB61A5002D1B93 /* main.m in Sources */ = {isa = PBXBuildFile; fileRef = 1B7F4AF614DB61A5002D1B93 /* main.m */; };
		1B7F4AFB14DB61A5002D1B93 /* Credits.rtf in Resources */ = {isa = PBXBuildFile; fileRef = 1B7F4AF914DB61A5002D1B93 /* Credits.rtf */; };
		1B7F4AFE14DB61A5002D1B93 /* AppDelegate.m in Sources */ = {isa = PBXBuildFile; fileRef = 1B7F4AFD14DB61A5002D1B93 /* AppDelegate.m */; };
		1B7F4B0114DB61A6002D1B93 /* MainMenu.xib in Resources */ = {isa = PBXBuildFile; fileRef = 1B7F4AFF14DB61A6002D1B93 /* MainMenu.xib */; };
		1B7F4B0414DB61A6002D1B93 /* Nimbus.xcdatamodeld in Sources */ = {isa = PBXBuildFile; fileRef = 1B7F4B0214DB61A6002D1B93 /* Nimbus.xcdatamodeld */; };
		1B7F4B0B14DB61E8002D1B93 /* OSXFUSE.framework in Frameworks */ = {isa = PBXBuildFile; fileRef = 1B7F4B0A14DB61E8002D1B93 /* OSXFUSE.framework */; };
		1B7F4B1014DB6272002D1B93 /* libCloud.a in Frameworks */ = {isa = PBXBuildFile; fileRef = 1B7F4B0F14DB6272002D1B93 /* libCloud.a */; };
		1B7F4B1F14DB6EB1002D1B93 /* NimbusFUSEFileSystem.m in Sources */ = {isa = PBXBuildFile; fileRef = 1B7F4B1E14DB6EB1002D1B93 /* NimbusFUSEFileSystem.m */; };
		1B7F4B2314DB706A002D1B93 /* hellodoc.icns in Resources */ = {isa = PBXBuildFile; fileRef = 1B7F4B2114DB706A002D1B93 /* hellodoc.icns */; };
		1BC9A27514DFBA2B00A7B9FE /* NimbusFile.m in Sources */ = {isa = PBXBuildFile; fileRef = 1BC9A27414DFBA2B00A7B9FE /* NimbusFile.m */; };
		1BC9A28914DFE81C00A7B9FE /* Cloud.png in Resources */ = {isa = PBXBuildFile; fileRef = 1BC9A28814DFE81C00A7B9FE /* Cloud.png */; };
/* End PBXBuildFile section */

/* Begin PBXFileReference section */
		1B041F3A14DFE95200816C01 /* Cloud.h */ = {isa = PBXFileReference; fileEncoding = 4; lastKnownFileType = sourcecode.c.h; name = Cloud.h; path = "../../3rdparty/cloud-app-obj-c/Source/libCloud/Cloud/Cloud.h"; sourceTree = "<group>"; };
		1B041F3B14DFE95200816C01 /* CLAPIEngine.h */ = {isa = PBXFileReference; fileEncoding = 4; lastKnownFileType = sourcecode.c.h; name = CLAPIEngine.h; path = "../../3rdparty/cloud-app-obj-c/Source/libCloud/Cloud/CLAPIEngine.h"; sourceTree = "<group>"; };
		1B041F3C14DFE96500816C01 /* CLWebItem.h */ = {isa = PBXFileReference; fileEncoding = 4; lastKnownFileType = sourcecode.c.h; name = CLWebItem.h; path = "../../3rdparty/cloud-app-obj-c/Source/libCloud/Cloud/Model/CLWebItem.h"; sourceTree = "<group>"; };
		1B041F3D14DFE9A900816C01 /* CLAPIDeserializer.h */ = {isa = PBXFileReference; fileEncoding = 4; lastKnownFileType = sourcecode.c.h; name = CLAPIDeserializer.h; path = "../../3rdparty/cloud-app-obj-c/Source/libCloud/Cloud/API Parsing/CLAPIDeserializer.h"; sourceTree = "<group>"; };
		1B041F3E14DFE9A900816C01 /* CLAPISerializer.h */ = {isa = PBXFileReference; fileEncoding = 4; lastKnownFileType = sourcecode.c.h; name = CLAPISerializer.h; path = "../../3rdparty/cloud-app-obj-c/Source/libCloud/Cloud/API Parsing/CLAPISerializer.h"; sourceTree = "<group>"; };
		1B041F3F14DFE9A900816C01 /* NSMutableURLRequest+NPPOSTBody.h */ = {isa = PBXFileReference; fileEncoding = 4; lastKnownFileType = sourcecode.c.h; name = "NSMutableURLRequest+NPPOSTBody.h"; path = "../../3rdparty/cloud-app-obj-c/Source/libCloud/Cloud/Categories/NSMutableURLRequest+NPPOSTBody.h"; sourceTree = "<group>"; };
		1B041F4014DFE9A900816C01 /* NSString+NPAdditions.h */ = {isa = PBXFileReference; fileEncoding = 4; lastKnownFileType = sourcecode.c.h; name = "NSString+NPAdditions.h"; path = "../../3rdparty/cloud-app-obj-c/Source/libCloud/Cloud/Categories/NSString+NPAdditions.h"; sourceTree = "<group>"; };
		1B041F4114DFE9A900816C01 /* NSString+NPMimeType.h */ = {isa = PBXFileReference; fileEncoding = 4; lastKnownFileType = sourcecode.c.h; name = "NSString+NPMimeType.h"; path = "../../3rdparty/cloud-app-obj-c/Source/libCloud/Cloud/Categories/NSString+NPMimeType.h"; sourceTree = "<group>"; };
		1B041F4214DFE9A900816C01 /* CLAPIEngine.h */ = {isa = PBXFileReference; fileEncoding = 4; lastKnownFileType = sourcecode.c.h; name = CLAPIEngine.h; path = "../../3rdparty/cloud-app-obj-c/Source/libCloud/Cloud/CLAPIEngine.h"; sourceTree = "<group>"; };
		1B041F4314DFE9A900816C01 /* CLAPIEngineConstants.h */ = {isa = PBXFileReference; fileEncoding = 4; lastKnownFileType = sourcecode.c.h; name = CLAPIEngineConstants.h; path = "../../3rdparty/cloud-app-obj-c/Source/libCloud/Cloud/CLAPIEngineConstants.h"; sourceTree = "<group>"; };
		1B041F4414DFE9A900816C01 /* CLAPIEngineDelegate.h */ = {isa = PBXFileReference; fileEncoding = 4; lastKnownFileType = sourcecode.c.h; name = CLAPIEngineDelegate.h; path = "../../3rdparty/cloud-app-obj-c/Source/libCloud/Cloud/CLAPIEngineDelegate.h"; sourceTree = "<group>"; };
		1B041F4514DFE9A900816C01 /* CLAPITransaction.h */ = {isa = PBXFileReference; fileEncoding = 4; lastKnownFileType = sourcecode.c.h; name = CLAPITransaction.h; path = "../../3rdparty/cloud-app-obj-c/Source/libCloud/Cloud/CLAPITransaction.h"; sourceTree = "<group>"; };
		1B041F4614DFE9A900816C01 /* CLAccount.h */ = {isa = PBXFileReference; fileEncoding = 4; lastKnownFileType = sourcecode.c.h; name = CLAccount.h; path = "../../3rdparty/cloud-app-obj-c/Source/libCloud/Cloud/Model/CLAccount.h"; sourceTree = "<group>"; };
		1B041F4714DFE9A900816C01 /* CLSocket.h */ = {isa = PBXFileReference; fileEncoding = 4; lastKnownFileType = sourcecode.c.h; name = CLSocket.h; path = "../../3rdparty/cloud-app-obj-c/Source/libCloud/Cloud/Model/CLSocket.h"; sourceTree = "<group>"; };
		1B24960D14EB9B49007F8166 /* NSError+POSIX.h */ = {isa = PBXFileReference; fileEncoding = 4; lastKnownFileType = sourcecode.c.h; path = "NSError+POSIX.h"; sourceTree = "<group>"; };
		1B24960E14EB9B49007F8166 /* NSError+POSIX.m */ = {isa = PBXFileReference; fileEncoding = 4; lastKnownFileType = sourcecode.c.objc; path = "NSError+POSIX.m"; sourceTree = "<group>"; };
		1B42176D14F97E9300E95F2F /* Nimbus.icns */ = {isa = PBXFileReference; lastKnownFileType = image.icns; path = Nimbus.icns; sourceTree = "<group>"; };
		1B7F4AE614DB61A5002D1B93 /* Nimbus.app */ = {isa = PBXFileReference; explicitFileType = wrapper.application; includeInIndex = 0; path = Nimbus.app; sourceTree = BUILT_PRODUCTS_DIR; };
		1B7F4AEA14DB61A5002D1B93 /* Cocoa.framework */ = {isa = PBXFileReference; lastKnownFileType = wrapper.framework; name = Cocoa.framework; path = System/Library/Frameworks/Cocoa.framework; sourceTree = SDKROOT; };
		1B7F4AED14DB61A5002D1B93 /* AppKit.framework */ = {isa = PBXFileReference; lastKnownFileType = wrapper.framework; name = AppKit.framework; path = System/Library/Frameworks/AppKit.framework; sourceTree = SDKROOT; };
		1B7F4AEE14DB61A5002D1B93 /* CoreData.framework */ = {isa = PBXFileReference; lastKnownFileType = wrapper.framework; name = CoreData.framework; path = System/Library/Frameworks/CoreData.framework; sourceTree = SDKROOT; };
		1B7F4AEF14DB61A5002D1B93 /* Foundation.framework */ = {isa = PBXFileReference; lastKnownFileType = wrapper.framework; name = Foundation.framework; path = System/Library/Frameworks/Foundation.framework; sourceTree = SDKROOT; };
		1B7F4AF214DB61A5002D1B93 /* Nimbus-Info.plist */ = {isa = PBXFileReference; lastKnownFileType = text.plist.xml; path = "Nimbus-Info.plist"; sourceTree = "<group>"; };
		1B7F4AF414DB61A5002D1B93 /* en */ = {isa = PBXFileReference; lastKnownFileType = text.plist.strings; name = en; path = en.lproj/InfoPlist.strings; sourceTree = "<group>"; };
		1B7F4AF614DB61A5002D1B93 /* main.m */ = {isa = PBXFileReference; lastKnownFileType = sourcecode.c.objc; path = main.m; sourceTree = "<group>"; };
		1B7F4AF814DB61A5002D1B93 /* Nimbus-Prefix.pch */ = {isa = PBXFileReference; lastKnownFileType = sourcecode.c.h; path = "Nimbus-Prefix.pch"; sourceTree = "<group>"; };
		1B7F4AFA14DB61A5002D1B93 /* en */ = {isa = PBXFileReference; lastKnownFileType = text.rtf; name = en; path = en.lproj/Credits.rtf; sourceTree = "<group>"; };
		1B7F4AFC14DB61A5002D1B93 /* AppDelegate.h */ = {isa = PBXFileReference; lastKnownFileType = sourcecode.c.h; path = AppDelegate.h; sourceTree = "<group>"; };
		1B7F4AFD14DB61A5002D1B93 /* AppDelegate.m */ = {isa = PBXFileReference; lastKnownFileType = sourcecode.c.objc; path = AppDelegate.m; sourceTree = "<group>"; };
		1B7F4B0014DB61A6002D1B93 /* en */ = {isa = PBXFileReference; lastKnownFileType = file.xib; name = en; path = en.lproj/MainMenu.xib; sourceTree = "<group>"; };
		1B7F4B0314DB61A6002D1B93 /* Nimbus.xcdatamodel */ = {isa = PBXFileReference; lastKnownFileType = wrapper.xcdatamodel; path = Nimbus.xcdatamodel; sourceTree = "<group>"; };
		1B7F4B0A14DB61E8002D1B93 /* OSXFUSE.framework */ = {isa = PBXFileReference; lastKnownFileType = wrapper.framework; name = OSXFUSE.framework; path = Library/Frameworks/OSXFUSE.framework; sourceTree = SDKROOT; };
		1B7F4B0F14DB6272002D1B93 /* libCloud.a */ = {isa = PBXFileReference; lastKnownFileType = archive.ar; name = libCloud.a; path = "../../../../Library/Developer/Xcode/DerivedData/Nimbus-ddkbencdxnknxlanrbpwpfouqfqs/Build/Products/Debug/libCloud.a"; sourceTree = "<group>"; };
		1B7F4B1D14DB6EB1002D1B93 /* NimbusFUSEFileSystem.h */ = {isa = PBXFileReference; fileEncoding = 4; lastKnownFileType = sourcecode.c.h; path = NimbusFUSEFileSystem.h; sourceTree = "<group>"; };
		1B7F4B1E14DB6EB1002D1B93 /* NimbusFUSEFileSystem.m */ = {isa = PBXFileReference; fileEncoding = 4; lastKnownFileType = sourcecode.c.objc; path = NimbusFUSEFileSystem.m; sourceTree = "<group>"; };
		1B7F4B2114DB706A002D1B93 /* hellodoc.icns */ = {isa = PBXFileReference; lastKnownFileType = image.icns; name = hellodoc.icns; path = ../hellodoc.icns; sourceTree = "<group>"; };
		1B9521E214DBDAEB0068D44A /* temp.h */ = {isa = PBXFileReference; fileEncoding = 4; lastKnownFileType = sourcecode.c.h; path = temp.h; sourceTree = "<group>"; };
		1BC9A27314DFBA2B00A7B9FE /* NimbusFile.h */ = {isa = PBXFileReference; fileEncoding = 4; lastKnownFileType = sourcecode.c.h; path = NimbusFile.h; sourceTree = "<group>"; };
		1BC9A27414DFBA2B00A7B9FE /* NimbusFile.m */ = {isa = PBXFileReference; fileEncoding = 4; lastKnownFileType = sourcecode.c.objc; path = NimbusFile.m; sourceTree = "<group>"; };
		1BC9A28814DFE81C00A7B9FE /* Cloud.png */ = {isa = PBXFileReference; lastKnownFileType = image.png; name = Cloud.png; path = ../Cloud.png; sourceTree = "<group>"; };
/* End PBXFileReference section */

/* Begin PBXFrameworksBuildPhase section */
		1B7F4AE314DB61A5002D1B93 /* Frameworks */ = {
			isa = PBXFrameworksBuildPhase;
			buildActionMask = 2147483647;
			files = (
				1B7F4B1014DB6272002D1B93 /* libCloud.a in Frameworks */,
				1B7F4B0B14DB61E8002D1B93 /* OSXFUSE.framework in Frameworks */,
				1B7F4AEB14DB61A5002D1B93 /* Cocoa.framework in Frameworks */,
			);
			runOnlyForDeploymentPostprocessing = 0;
		};
/* End PBXFrameworksBuildPhase section */

/* Begin PBXGroup section */
		1B041F3914DFE93400816C01 /* Indexing headers */ = {
			isa = PBXGroup;
			children = (
				1B041F3D14DFE9A900816C01 /* CLAPIDeserializer.h */,
				1B041F3E14DFE9A900816C01 /* CLAPISerializer.h */,
				1B041F3F14DFE9A900816C01 /* NSMutableURLRequest+NPPOSTBody.h */,
				1B041F4014DFE9A900816C01 /* NSString+NPAdditions.h */,
				1B041F4114DFE9A900816C01 /* NSString+NPMimeType.h */,
				1B041F4214DFE9A900816C01 /* CLAPIEngine.h */,
				1B041F4314DFE9A900816C01 /* CLAPIEngineConstants.h */,
				1B041F4414DFE9A900816C01 /* CLAPIEngineDelegate.h */,
				1B041F4514DFE9A900816C01 /* CLAPITransaction.h */,
				1B041F4614DFE9A900816C01 /* CLAccount.h */,
				1B041F4714DFE9A900816C01 /* CLSocket.h */,
				1B041F3C14DFE96500816C01 /* CLWebItem.h */,
				1B041F3A14DFE95200816C01 /* Cloud.h */,
				1B041F3B14DFE95200816C01 /* CLAPIEngine.h */,
			);
			name = "Indexing headers";
			sourceTree = "<group>";
		};
		1B7F4ADB14DB61A5002D1B93 = {
			isa = PBXGroup;
			children = (
				1B041F3914DFE93400816C01 /* Indexing headers */,
				1B7F4AF014DB61A5002D1B93 /* Nimbus */,
				1B7F4AE914DB61A5002D1B93 /* Frameworks */,
				1B7F4AE714DB61A5002D1B93 /* Products */,
			);
			sourceTree = "<group>";
		};
		1B7F4AE714DB61A5002D1B93 /* Products */ = {
			isa = PBXGroup;
			children = (
				1B7F4AE614DB61A5002D1B93 /* Nimbus.app */,
			);
			name = Products;
			sourceTree = "<group>";
		};
		1B7F4AE914DB61A5002D1B93 /* Frameworks */ = {
			isa = PBXGroup;
			children = (
				1B7F4B0A14DB61E8002D1B93 /* OSXFUSE.framework */,
				1B7F4AEA14DB61A5002D1B93 /* Cocoa.framework */,
				1B7F4AEC14DB61A5002D1B93 /* Other Frameworks */,
			);
			name = Frameworks;
			sourceTree = "<group>";
		};
		1B7F4AEC14DB61A5002D1B93 /* Other Frameworks */ = {
			isa = PBXGroup;
			children = (
				1B7F4AED14DB61A5002D1B93 /* AppKit.framework */,
				1B7F4AEE14DB61A5002D1B93 /* CoreData.framework */,
				1B7F4AEF14DB61A5002D1B93 /* Foundation.framework */,
			);
			name = "Other Frameworks";
			sourceTree = "<group>";
		};
		1B7F4AF014DB61A5002D1B93 /* Nimbus */ = {
			isa = PBXGroup;
			children = (
				1B7F4B2414DB7083002D1B93 /* Resources */,
				1B24960D14EB9B49007F8166 /* NSError+POSIX.h */,
				1B24960E14EB9B49007F8166 /* NSError+POSIX.m */,
				1B7F4B1D14DB6EB1002D1B93 /* NimbusFUSEFileSystem.h */,
				1B7F4B1E14DB6EB1002D1B93 /* NimbusFUSEFileSystem.m */,
				1BC9A27314DFBA2B00A7B9FE /* NimbusFile.h */,
				1BC9A27414DFBA2B00A7B9FE /* NimbusFile.m */,
				1B7F4AFC14DB61A5002D1B93 /* AppDelegate.h */,
				1B7F4AFD14DB61A5002D1B93 /* AppDelegate.m */,
				1B9521E214DBDAEB0068D44A /* temp.h */,
				1B7F4AFF14DB61A6002D1B93 /* MainMenu.xib */,
				1B7F4B0214DB61A6002D1B93 /* Nimbus.xcdatamodeld */,
				1B7F4AF114DB61A5002D1B93 /* Supporting Files */,
			);
			path = Nimbus;
			sourceTree = "<group>";
		};
		1B7F4AF114DB61A5002D1B93 /* Supporting Files */ = {
			isa = PBXGroup;
			children = (
				1B7F4B0F14DB6272002D1B93 /* libCloud.a */,
				1B7F4AF214DB61A5002D1B93 /* Nimbus-Info.plist */,
				1B7F4AF314DB61A5002D1B93 /* InfoPlist.strings */,
				1B7F4AF614DB61A5002D1B93 /* main.m */,
				1B7F4AF814DB61A5002D1B93 /* Nimbus-Prefix.pch */,
				1B7F4AF914DB61A5002D1B93 /* Credits.rtf */,
			);
			name = "Supporting Files";
			sourceTree = "<group>";
		};
		1B7F4B2414DB7083002D1B93 /* Resources */ = {
			isa = PBXGroup;
			children = (
				1B42176D14F97E9300E95F2F /* Nimbus.icns */,
				1BC9A28814DFE81C00A7B9FE /* Cloud.png */,
				1B7F4B2114DB706A002D1B93 /* hellodoc.icns */,
			);
			name = Resources;
			sourceTree = "<group>";
		};
/* End PBXGroup section */

/* Begin PBXNativeTarget section */
		1B7F4AE514DB61A5002D1B93 /* Nimbus */ = {
			isa = PBXNativeTarget;
			buildConfigurationList = 1B7F4B0714DB61A6002D1B93 /* Build configuration list for PBXNativeTarget "Nimbus" */;
			buildPhases = (
				1B7F4AE214DB61A5002D1B93 /* Sources */,
				1B7F4AE314DB61A5002D1B93 /* Frameworks */,
				1B7F4AE414DB61A5002D1B93 /* Resources */,
			);
			buildRules = (
			);
			dependencies = (
			);
			name = Nimbus;
			productName = Nimbus;
			productReference = 1B7F4AE614DB61A5002D1B93 /* Nimbus.app */;
			productType = "com.apple.product-type.application";
		};
/* End PBXNativeTarget section */

/* Begin PBXProject section */
		1B7F4ADD14DB61A5002D1B93 /* Project object */ = {
			isa = PBXProject;
			attributes = {
				LastUpgradeCheck = 0420;
			};
			buildConfigurationList = 1B7F4AE014DB61A5002D1B93 /* Build configuration list for PBXProject "Nimbus" */;
			compatibilityVersion = "Xcode 3.2";
			developmentRegion = English;
			hasScannedForEncodings = 0;
			knownRegions = (
				en,
			);
			mainGroup = 1B7F4ADB14DB61A5002D1B93;
			productRefGroup = 1B7F4AE714DB61A5002D1B93 /* Products */;
			projectDirPath = "";
			projectRoot = "";
			targets = (
				1B7F4AE514DB61A5002D1B93 /* Nimbus */,
			);
		};
/* End PBXProject section */

/* Begin PBXResourcesBuildPhase section */
		1B7F4AE414DB61A5002D1B93 /* Resources */ = {
			isa = PBXResourcesBuildPhase;
			buildActionMask = 2147483647;
			files = (
				1B7F4AF514DB61A5002D1B93 /* InfoPlist.strings in Resources */,
				1B7F4AFB14DB61A5002D1B93 /* Credits.rtf in Resources */,
				1B7F4B0114DB61A6002D1B93 /* MainMenu.xib in Resources */,
				1B7F4B2314DB706A002D1B93 /* hellodoc.icns in Resources */,
				1BC9A28914DFE81C00A7B9FE /* Cloud.png in Resources */,
				1B42176E14F97E9300E95F2F /* Nimbus.icns in Resources */,
			);
			runOnlyForDeploymentPostprocessing = 0;
		};
/* End PBXResourcesBuildPhase section */

/* Begin PBXSourcesBuildPhase section */
		1B7F4AE214DB61A5002D1B93 /* Sources */ = {
			isa = PBXSourcesBuildPhase;
			buildActionMask = 2147483647;
			files = (
				1B7F4AF714DB61A5002D1B93 /* main.m in Sources */,
				1B7F4AFE14DB61A5002D1B93 /* AppDelegate.m in Sources */,
				1B7F4B0414DB61A6002D1B93 /* Nimbus.xcdatamodeld in Sources */,
				1B7F4B1F14DB6EB1002D1B93 /* NimbusFUSEFileSystem.m in Sources */,
				1BC9A27514DFBA2B00A7B9FE /* NimbusFile.m in Sources */,
				1B24960F14EB9B49007F8166 /* NSError+POSIX.m in Sources */,
			);
			runOnlyForDeploymentPostprocessing = 0;
		};
/* End PBXSourcesBuildPhase section */

/* Begin PBXVariantGroup section */
		1B7F4AF314DB61A5002D1B93 /* InfoPlist.strings */ = {
			isa = PBXVariantGroup;
			children = (
				1B7F4AF414DB61A5002D1B93 /* en */,
			);
			name = InfoPlist.strings;
			sourceTree = "<group>";
		};
		1B7F4AF914DB61A5002D1B93 /* Credits.rtf */ = {
			isa = PBXVariantGroup;
			children = (
				1B7F4AFA14DB61A5002D1B93 /* en */,
			);
			name = Credits.rtf;
			sourceTree = "<group>";
		};
		1B7F4AFF14DB61A6002D1B93 /* MainMenu.xib */ = {
			isa = PBXVariantGroup;
			children = (
				1B7F4B0014DB61A6002D1B93 /* en */,
			);
			name = MainMenu.xib;
			sourceTree = "<group>";
		};
/* End PBXVariantGroup section */

/* Begin XCBuildConfiguration section */
		1B7F4B0514DB61A6002D1B93 /* Debug */ = {
			isa = XCBuildConfiguration;
			buildSettings = {
				ALWAYS_SEARCH_USER_PATHS = NO;
				ARCHS = "$(ARCHS_STANDARD_64_BIT)";
				COPY_PHASE_STRIP = NO;
				GCC_C_LANGUAGE_STANDARD = gnu99;
				GCC_DYNAMIC_NO_PIC = NO;
				GCC_ENABLE_OBJC_EXCEPTIONS = YES;
				GCC_OPTIMIZATION_LEVEL = 0;
				GCC_PREPROCESSOR_DEFINITIONS = (
					"DEBUG=1",
					"$(inherited)",
				);
				GCC_SYMBOLS_PRIVATE_EXTERN = NO;
				GCC_VERSION = com.apple.compilers.llvm.clang.1_0;
				GCC_WARN_64_TO_32_BIT_CONVERSION = YES;
				GCC_WARN_ABOUT_MISSING_PROTOTYPES = YES;
				GCC_WARN_ABOUT_RETURN_TYPE = YES;
				GCC_WARN_UNUSED_VARIABLE = YES;
				MACOSX_DEPLOYMENT_TARGET = 10.7;
				ONLY_ACTIVE_ARCH = YES;
				SDKROOT = macosx;
			};
			name = Debug;
		};
		1B7F4B0614DB61A6002D1B93 /* Release */ = {
			isa = XCBuildConfiguration;
			buildSettings = {
				ALWAYS_SEARCH_USER_PATHS = NO;
				ARCHS = "$(ARCHS_STANDARD_64_BIT)";
				COPY_PHASE_STRIP = YES;
				DEBUG_INFORMATION_FORMAT = "dwarf-with-dsym";
				GCC_C_LANGUAGE_STANDARD = gnu99;
				GCC_ENABLE_OBJC_EXCEPTIONS = YES;
				GCC_VERSION = com.apple.compilers.llvm.clang.1_0;
				GCC_WARN_64_TO_32_BIT_CONVERSION = YES;
				GCC_WARN_ABOUT_MISSING_PROTOTYPES = YES;
				GCC_WARN_ABOUT_RETURN_TYPE = YES;
				GCC_WARN_UNUSED_VARIABLE = YES;
				MACOSX_DEPLOYMENT_TARGET = 10.7;
				SDKROOT = macosx;
			};
			name = Release;
		};
		1B7F4B0814DB61A6002D1B93 /* Debug */ = {
			isa = XCBuildConfiguration;
			buildSettings = {
				ALWAYS_SEARCH_USER_PATHS = YES;
				GCC_PRECOMPILE_PREFIX_HEADER = YES;
				GCC_PREFIX_HEADER = "Nimbus/Nimbus-Prefix.pch";
				INFOPLIST_FILE = "Nimbus/Nimbus-Info.plist";
				LIBRARY_SEARCH_PATHS = (
					"$(inherited)",
					"\"$(SRCROOT)/../../../Library/Developer/Xcode/DerivedData/Nimbus-ddkbencdxnknxlanrbpwpfouqfqs/Build/Products/Debug\"",
				);
				OTHER_LDFLAGS = "-ObjC";
				PRODUCT_NAME = "$(TARGET_NAME)";
				USER_HEADER_SEARCH_PATHS = "${BUILT_PRODUCTS_DIR}/**";
				WRAPPER_EXTENSION = app;
			};
			name = Debug;
		};
		1B7F4B0914DB61A6002D1B93 /* Release */ = {
			isa = XCBuildConfiguration;
			buildSettings = {
				ALWAYS_SEARCH_USER_PATHS = YES;
				GCC_PRECOMPILE_PREFIX_HEADER = YES;
				GCC_PREFIX_HEADER = "Nimbus/Nimbus-Prefix.pch";
				INFOPLIST_FILE = "Nimbus/Nimbus-Info.plist";
				LIBRARY_SEARCH_PATHS = (
					"$(inherited)",
					"\"$(SRCROOT)/../../../Library/Developer/Xcode/DerivedData/Nimbus-ddkbencdxnknxlanrbpwpfouqfqs/Build/Products/Debug\"",
				);
				OTHER_LDFLAGS = "-ObjC";
				PRODUCT_NAME = "$(TARGET_NAME)";
				USER_HEADER_SEARCH_PATHS = "${BUILT_PRODUCTS_DIR}/**";
				WRAPPER_EXTENSION = app;
			};
			name = Release;
		};
/* End XCBuildConfiguration section */

/* Begin XCConfigurationList section */
		1B7F4AE014DB61A5002D1B93 /* Build configuration list for PBXProject "Nimbus" */ = {
			isa = XCConfigurationList;
			buildConfigurations = (
				1B7F4B0514DB61A6002D1B93 /* Debug */,
				1B7F4B0614DB61A6002D1B93 /* Release */,
			);
			defaultConfigurationIsVisible = 0;
			defaultConfigurationName = Release;
		};
		1B7F4B0714DB61A6002D1B93 /* Build configuration list for PBXNativeTarget "Nimbus" */ = {
			isa = XCConfigurationList;
			buildConfigurations = (
				1B7F4B0814DB61A6002D1B93 /* Debug */,
				1B7F4B0914DB61A6002D1B93 /* Release */,
			);
			defaultConfigurationIsVisible = 0;
			defaultConfigurationName = Release;
		};
/* End XCConfigurationList section */

/* Begin XCVersionGroup section */
		1B7F4B0214DB61A6002D1B93 /* Nimbus.xcdatamodeld */ = {
			isa = XCVersionGroup;
			children = (
				1B7F4B0314DB61A6002D1B93 /* Nimbus.xcdatamodel */,
			);
			currentVersion = 1B7F4B0314DB61A6002D1B93 /* Nimbus.xcdatamodel */;
			path = Nimbus.xcdatamodeld;
			sourceTree = "<group>";
			versionGroupType = wrapper.xcdatamodel;
		};
/* End XCVersionGroup section */
	};
	rootObject = 1B7F4ADD14DB61A5002D1B93 /* Project object */;
}
