// !$*UTF8*$!
{
	archiveVersion = 1;
	classes = {
	};
	objectVersion = 46;
	objects = {

/* Begin PBXBuildFile section */
		1B01DE751531647C0017B737 /* Security.framework in Frameworks */ = {isa = PBXBuildFile; fileRef = 1B01DE741531647C0017B737 /* Security.framework */; };
		1B01DE78153165630017B737 /* NSAttributedString+Hyperlink.m in Sources */ = {isa = PBXBuildFile; fileRef = 1B01DE77153165630017B737 /* NSAttributedString+Hyperlink.m */; };
		1B24960F14EB9B49007F8166 /* NSError+POSIX.m in Sources */ = {isa = PBXBuildFile; fileRef = 1B24960E14EB9B49007F8166 /* NSError+POSIX.m */; };
		1B42176E14F97E9300E95F2F /* Nimbus.icns in Resources */ = {isa = PBXBuildFile; fileRef = 1B42176D14F97E9300E95F2F /* Nimbus.icns */; };
		1B7F4AEB14DB61A5002D1B93 /* Cocoa.framework in Frameworks */ = {isa = PBXBuildFile; fileRef = 1B7F4AEA14DB61A5002D1B93 /* Cocoa.framework */; };
		1B7F4AF514DB61A5002D1B93 /* InfoPlist.strings in Resources */ = {isa = PBXBuildFile; fileRef = 1B7F4AF314DB61A5002D1B93 /* InfoPlist.strings */; };
		1B7F4AF714DB61A5002D1B93 /* main.m in Sources */ = {isa = PBXBuildFile; fileRef = 1B7F4AF614DB61A5002D1B93 /* main.m */; };
		1B7F4AFB14DB61A5002D1B93 /* Credits.rtf in Resources */ = {isa = PBXBuildFile; fileRef = 1B7F4AF914DB61A5002D1B93 /* Credits.rtf */; };
		1B7F4AFE14DB61A5002D1B93 /* AppDelegate.m in Sources */ = {isa = PBXBuildFile; fileRef = 1B7F4AFD14DB61A5002D1B93 /* AppDelegate.m */; };
		1B7F4B0B14DB61E8002D1B93 /* OSXFUSE.framework in Frameworks */ = {isa = PBXBuildFile; fileRef = 1B7F4B0A14DB61E8002D1B93 /* OSXFUSE.framework */; };
		1B7F4B1F14DB6EB1002D1B93 /* NimbusFUSEFileSystem.m in Sources */ = {isa = PBXBuildFile; fileRef = 1B7F4B1E14DB6EB1002D1B93 /* NimbusFUSEFileSystem.m */; };
		1BC9A27514DFBA2B00A7B9FE /* NimbusFile.m in Sources */ = {isa = PBXBuildFile; fileRef = 1BC9A27414DFBA2B00A7B9FE /* NimbusFile.m */; };
		83160B5B15520AA2008195D1 /* libCloud.a in Frameworks */ = {isa = PBXBuildFile; fileRef = 83160B5A155209A3008195D1 /* libCloud.a */; };
		832EC3691588677B001F341A /* Menu.xib in Resources */ = {isa = PBXBuildFile; fileRef = 832EC3681588677B001F341A /* Menu.xib */; };
		838FBFEB158D75DF00FEF93B /* NimbusIconDisabled.png in Resources */ = {isa = PBXBuildFile; fileRef = 838FBFEA158D75DF00FEF93B /* NimbusIconDisabled.png */; };
		83E09E4815886BC600A75EC1 /* MainWindowController.m in Sources */ = {isa = PBXBuildFile; fileRef = 83E09E4715886BC600A75EC1 /* MainWindowController.m */; };
		83E09E58158D4D5200A75EC1 /* MainWindow.xib in Resources */ = {isa = PBXBuildFile; fileRef = 83E09E57158D4D5200A75EC1 /* MainWindow.xib */; };
		83E09E5E158D606B00A75EC1 /* CloudAppLogo.pdf in Resources */ = {isa = PBXBuildFile; fileRef = 83E09E5D158D606B00A75EC1 /* CloudAppLogo.pdf */; };
/* End PBXBuildFile section */

/* Begin PBXContainerItemProxy section */
		83160B59155209A3008195D1 /* PBXContainerItemProxy */ = {
			isa = PBXContainerItemProxy;
			containerPortal = 83160B55155209A3008195D1 /* Cloud.xcodeproj */;
			proxyType = 2;
			remoteGlobalIDString = 4B1AB184130B69B900BD6A95;
			remoteInfo = Cloud;
		};
/* End PBXContainerItemProxy section */

/* Begin PBXFileReference section */
		1B01DE741531647C0017B737 /* Security.framework */ = {isa = PBXFileReference; lastKnownFileType = wrapper.framework; name = Security.framework; path = System/Library/Frameworks/Security.framework; sourceTree = SDKROOT; };
		1B01DE76153165630017B737 /* NSAttributedString+Hyperlink.h */ = {isa = PBXFileReference; fileEncoding = 4; lastKnownFileType = sourcecode.c.h; path = "NSAttributedString+Hyperlink.h"; sourceTree = "<group>"; };
		1B01DE77153165630017B737 /* NSAttributedString+Hyperlink.m */ = {isa = PBXFileReference; fileEncoding = 4; lastKnownFileType = sourcecode.c.objc; path = "NSAttributedString+Hyperlink.m"; sourceTree = "<group>"; };
		1B24960D14EB9B49007F8166 /* NSError+POSIX.h */ = {isa = PBXFileReference; fileEncoding = 4; lastKnownFileType = sourcecode.c.h; path = "NSError+POSIX.h"; sourceTree = "<group>"; };
		1B24960E14EB9B49007F8166 /* NSError+POSIX.m */ = {isa = PBXFileReference; fileEncoding = 4; lastKnownFileType = sourcecode.c.objc; path = "NSError+POSIX.m"; sourceTree = "<group>"; };
		1B42176D14F97E9300E95F2F /* Nimbus.icns */ = {isa = PBXFileReference; lastKnownFileType = image.icns; path = Nimbus.icns; sourceTree = "<group>"; };
		1B7F4AE614DB61A5002D1B93 /* Nimbus.app */ = {isa = PBXFileReference; explicitFileType = wrapper.application; includeInIndex = 0; path = Nimbus.app; sourceTree = BUILT_PRODUCTS_DIR; };
		1B7F4AEA14DB61A5002D1B93 /* Cocoa.framework */ = {isa = PBXFileReference; lastKnownFileType = wrapper.framework; name = Cocoa.framework; path = System/Library/Frameworks/Cocoa.framework; sourceTree = SDKROOT; };
		1B7F4AED14DB61A5002D1B93 /* AppKit.framework */ = {isa = PBXFileReference; lastKnownFileType = wrapper.framework; name = AppKit.framework; path = System/Library/Frameworks/AppKit.framework; sourceTree = SDKROOT; };
		1B7F4AEE14DB61A5002D1B93 /* CoreData.framework */ = {isa = PBXFileReference; lastKnownFileType = wrapper.framework; name = CoreData.framework; path = System/Library/Frameworks/CoreData.framework; sourceTree = SDKROOT; };
		1B7F4AEF14DB61A5002D1B93 /* Foundation.framework */ = {isa = PBXFileReference; lastKnownFileType = wrapper.framework; name = Foundation.framework; path = System/Library/Frameworks/Foundation.framework; sourceTree = SDKROOT; };
		1B7F4AF214DB61A5002D1B93 /* Nimbus-Info.plist */ = {isa = PBXFileReference; lastKnownFileType = text.plist.xml; path = "Nimbus-Info.plist"; sourceTree = "<group>"; };
		1B7F4AF414DB61A5002D1B93 /* en */ = {isa = PBXFileReference; lastKnownFileType = text.plist.strings; name = en; path = en.lproj/InfoPlist.strings; sourceTree = "<group>"; };
		1B7F4AF614DB61A5002D1B93 /* main.m */ = {isa = PBXFileReference; lastKnownFileType = sourcecode.c.objc; path = main.m; sourceTree = "<group>"; };
		1B7F4AF814DB61A5002D1B93 /* Nimbus-Prefix.pch */ = {isa = PBXFileReference; lastKnownFileType = sourcecode.c.h; path = "Nimbus-Prefix.pch"; sourceTree = "<group>"; };
		1B7F4AFA14DB61A5002D1B93 /* en */ = {isa = PBXFileReference; lastKnownFileType = text.rtf; name = en; path = en.lproj/Credits.rtf; sourceTree = "<group>"; };
		1B7F4AFC14DB61A5002D1B93 /* AppDelegate.h */ = {isa = PBXFileReference; lastKnownFileType = sourcecode.c.h; path = AppDelegate.h; sourceTree = "<group>"; };
		1B7F4AFD14DB61A5002D1B93 /* AppDelegate.m */ = {isa = PBXFileReference; lastKnownFileType = sourcecode.c.objc; path = AppDelegate.m; sourceTree = "<group>"; };
		1B7F4B0A14DB61E8002D1B93 /* OSXFUSE.framework */ = {isa = PBXFileReference; lastKnownFileType = wrapper.framework; name = OSXFUSE.framework; path = Library/Frameworks/OSXFUSE.framework; sourceTree = SDKROOT; };
		1B7F4B1D14DB6EB1002D1B93 /* NimbusFUSEFileSystem.h */ = {isa = PBXFileReference; fileEncoding = 4; lastKnownFileType = sourcecode.c.h; path = NimbusFUSEFileSystem.h; sourceTree = "<group>"; };
		1B7F4B1E14DB6EB1002D1B93 /* NimbusFUSEFileSystem.m */ = {isa = PBXFileReference; fileEncoding = 4; lastKnownFileType = sourcecode.c.objc; path = NimbusFUSEFileSystem.m; sourceTree = "<group>"; };
		1BC9A27314DFBA2B00A7B9FE /* NimbusFile.h */ = {isa = PBXFileReference; fileEncoding = 4; lastKnownFileType = sourcecode.c.h; path = NimbusFile.h; sourceTree = "<group>"; };
		1BC9A27414DFBA2B00A7B9FE /* NimbusFile.m */ = {isa = PBXFileReference; fileEncoding = 4; lastKnownFileType = sourcecode.c.objc; path = NimbusFile.m; sourceTree = "<group>"; };
		83160B55155209A3008195D1 /* Cloud.xcodeproj */ = {isa = PBXFileReference; lastKnownFileType = "wrapper.pb-project"; name = Cloud.xcodeproj; path = "cloud-app-obj-c/Source/libCloud/Cloud.xcodeproj"; sourceTree = "<group>"; };
		832EC3681588677B001F341A /* Menu.xib */ = {isa = PBXFileReference; fileEncoding = 4; lastKnownFileType = file.xib; path = Menu.xib; sourceTree = "<group>"; };
		838FBFEA158D75DF00FEF93B /* NimbusIconDisabled.png */ = {isa = PBXFileReference; lastKnownFileType = image.png; path = NimbusIconDisabled.png; sourceTree = "<group>"; };
		83E09E3915886A3200A75EC1 /* Carbon.framework */ = {isa = PBXFileReference; lastKnownFileType = wrapper.framework; name = Carbon.framework; path = System/Library/Frameworks/Carbon.framework; sourceTree = SDKROOT; };
		83E09E4615886BC600A75EC1 /* MainWindowController.h */ = {isa = PBXFileReference; fileEncoding = 4; lastKnownFileType = sourcecode.c.h; path = MainWindowController.h; sourceTree = "<group>"; };
		83E09E4715886BC600A75EC1 /* MainWindowController.m */ = {isa = PBXFileReference; fileEncoding = 4; lastKnownFileType = sourcecode.c.objc; path = MainWindowController.m; sourceTree = "<group>"; };
		83E09E57158D4D5200A75EC1 /* MainWindow.xib */ = {isa = PBXFileReference; fileEncoding = 4; lastKnownFileType = file.xib; path = MainWindow.xib; sourceTree = "<group>"; };
		83E09E5D158D606B00A75EC1 /* CloudAppLogo.pdf */ = {isa = PBXFileReference; lastKnownFileType = image.pdf; path = CloudAppLogo.pdf; sourceTree = "<group>"; };
/* End PBXFileReference section */

/* Begin PBXFrameworksBuildPhase section */
		1B7F4AE314DB61A5002D1B93 /* Frameworks */ = {
			isa = PBXFrameworksBuildPhase;
			buildActionMask = 2147483647;
			files = (
				83160B5B15520AA2008195D1 /* libCloud.a in Frameworks */,
				1B01DE751531647C0017B737 /* Security.framework in Frameworks */,
				1B7F4B0B14DB61E8002D1B93 /* OSXFUSE.framework in Frameworks */,
				1B7F4AEB14DB61A5002D1B93 /* Cocoa.framework in Frameworks */,
			);
			runOnlyForDeploymentPostprocessing = 0;
		};
/* End PBXFrameworksBuildPhase section */

/* Begin PBXGroup section */
		1B01DE7915316A190017B737 /* Categories */ = {
			isa = PBXGroup;
			children = (
				1B24960D14EB9B49007F8166 /* NSError+POSIX.h */,
				1B24960E14EB9B49007F8166 /* NSError+POSIX.m */,
				1B01DE76153165630017B737 /* NSAttributedString+Hyperlink.h */,
				1B01DE77153165630017B737 /* NSAttributedString+Hyperlink.m */,
			);
			name = Categories;
			path = Nimbus;
			sourceTree = "<group>";
		};
		1B7F4ADB14DB61A5002D1B93 = {
			isa = PBXGroup;
			children = (
				83160B55155209A3008195D1 /* Cloud.xcodeproj */,
				1B01DE7915316A190017B737 /* Categories */,
				1B7F4AF014DB61A5002D1B93 /* Nimbus */,
				1B7F4AE914DB61A5002D1B93 /* Frameworks */,
				1B7F4AE714DB61A5002D1B93 /* Products */,
			);
			sourceTree = "<group>";
		};
		1B7F4AE714DB61A5002D1B93 /* Products */ = {
			isa = PBXGroup;
			children = (
				1B7F4AE614DB61A5002D1B93 /* Nimbus.app */,
			);
			name = Products;
			sourceTree = "<group>";
		};
		1B7F4AE914DB61A5002D1B93 /* Frameworks */ = {
			isa = PBXGroup;
			children = (
				83E09E3915886A3200A75EC1 /* Carbon.framework */,
				1B01DE741531647C0017B737 /* Security.framework */,
				1B7F4AED14DB61A5002D1B93 /* AppKit.framework */,
				1B7F4AEE14DB61A5002D1B93 /* CoreData.framework */,
				1B7F4AEF14DB61A5002D1B93 /* Foundation.framework */,
				1B7F4B0A14DB61E8002D1B93 /* OSXFUSE.framework */,
				1B7F4AEA14DB61A5002D1B93 /* Cocoa.framework */,
			);
			name = Frameworks;
			sourceTree = "<group>";
		};
		1B7F4AF014DB61A5002D1B93 /* Nimbus */ = {
			isa = PBXGroup;
			children = (
				1B7F4AFC14DB61A5002D1B93 /* AppDelegate.h */,
				1B7F4AFD14DB61A5002D1B93 /* AppDelegate.m */,
				83E09E4615886BC600A75EC1 /* MainWindowController.h */,
				83E09E4715886BC600A75EC1 /* MainWindowController.m */,
				1BC9A27314DFBA2B00A7B9FE /* NimbusFile.h */,
				1BC9A27414DFBA2B00A7B9FE /* NimbusFile.m */,
				1B7F4B1D14DB6EB1002D1B93 /* NimbusFUSEFileSystem.h */,
				1B7F4B1E14DB6EB1002D1B93 /* NimbusFUSEFileSystem.m */,
				832EC3681588677B001F341A /* Menu.xib */,
				83E09E57158D4D5200A75EC1 /* MainWindow.xib */,
				1B7F4B2414DB7083002D1B93 /* Resources */,
				1B7F4AF114DB61A5002D1B93 /* Supporting Files */,
			);
			path = Nimbus;
			sourceTree = "<group>";
		};
		1B7F4AF114DB61A5002D1B93 /* Supporting Files */ = {
			isa = PBXGroup;
			children = (
				1B7F4AF614DB61A5002D1B93 /* main.m */,
				1B7F4AF814DB61A5002D1B93 /* Nimbus-Prefix.pch */,
				1B7F4AF214DB61A5002D1B93 /* Nimbus-Info.plist */,
				1B7F4AF914DB61A5002D1B93 /* Credits.rtf */,
				1B7F4AF314DB61A5002D1B93 /* InfoPlist.strings */,
			);
			name = "Supporting Files";
			sourceTree = "<group>";
		};
		1B7F4B2414DB7083002D1B93 /* Resources */ = {
			isa = PBXGroup;
			children = (
				838FBFEA158D75DF00FEF93B /* NimbusIconDisabled.png */,
				83E09E5D158D606B00A75EC1 /* CloudAppLogo.pdf */,
				1B42176D14F97E9300E95F2F /* Nimbus.icns */,
			);
			name = Resources;
			sourceTree = "<group>";
		};
		83160B56155209A3008195D1 /* Products */ = {
			isa = PBXGroup;
			children = (
				83160B5A155209A3008195D1 /* libCloud.a */,
			);
			name = Products;
			sourceTree = "<group>";
		};
/* End PBXGroup section */

/* Begin PBXNativeTarget section */
		1B7F4AE514DB61A5002D1B93 /* Nimbus */ = {
			isa = PBXNativeTarget;
			buildConfigurationList = 1B7F4B0714DB61A6002D1B93 /* Build configuration list for PBXNativeTarget "Nimbus" */;
			buildPhases = (
				1B7F4AE214DB61A5002D1B93 /* Sources */,
				1B7F4AE314DB61A5002D1B93 /* Frameworks */,
				1B7F4AE414DB61A5002D1B93 /* Resources */,
			);
			buildRules = (
			);
			dependencies = (
			);
			name = Nimbus;
			productName = Nimbus;
			productReference = 1B7F4AE614DB61A5002D1B93 /* Nimbus.app */;
			productType = "com.apple.product-type.application";
		};
/* End PBXNativeTarget section */

/* Begin PBXProject section */
		1B7F4ADD14DB61A5002D1B93 /* Project object */ = {
			isa = PBXProject;
			attributes = {
				LastUpgradeCheck = 0420;
			};
			buildConfigurationList = 1B7F4AE014DB61A5002D1B93 /* Build configuration list for PBXProject "Nimbus" */;
			compatibilityVersion = "Xcode 3.2";
			developmentRegion = English;
			hasScannedForEncodings = 0;
			knownRegions = (
				en,
			);
			mainGroup = 1B7F4ADB14DB61A5002D1B93;
			productRefGroup = 1B7F4AE714DB61A5002D1B93 /* Products */;
			projectDirPath = "";
			projectReferences = (
				{
					ProductGroup = 83160B56155209A3008195D1 /* Products */;
					ProjectRef = 83160B55155209A3008195D1 /* Cloud.xcodeproj */;
				},
			);
			projectRoot = "";
			targets = (
				1B7F4AE514DB61A5002D1B93 /* Nimbus */,
			);
		};
/* End PBXProject section */

/* Begin PBXReferenceProxy section */
		83160B5A155209A3008195D1 /* libCloud.a */ = {
			isa = PBXReferenceProxy;
			fileType = archive.ar;
			path = libCloud.a;
			remoteRef = 83160B59155209A3008195D1 /* PBXContainerItemProxy */;
			sourceTree = BUILT_PRODUCTS_DIR;
		};
/* End PBXReferenceProxy section */

/* Begin PBXResourcesBuildPhase section */
		1B7F4AE414DB61A5002D1B93 /* Resources */ = {
			isa = PBXResourcesBuildPhase;
			buildActionMask = 2147483647;
			files = (
				1B7F4AF514DB61A5002D1B93 /* InfoPlist.strings in Resources */,
				1B7F4AFB14DB61A5002D1B93 /* Credits.rtf in Resources */,
				1B42176E14F97E9300E95F2F /* Nimbus.icns in Resources */,
				832EC3691588677B001F341A /* Menu.xib in Resources */,
				83E09E58158D4D5200A75EC1 /* MainWindow.xib in Resources */,
				83E09E5E158D606B00A75EC1 /* CloudAppLogo.pdf in Resources */,
				838FBFEB158D75DF00FEF93B /* NimbusIconDisabled.png in Resources */,
			);
			runOnlyForDeploymentPostprocessing = 0;
		};
/* End PBXResourcesBuildPhase section */

/* Begin PBXSourcesBuildPhase section */
		1B7F4AE214DB61A5002D1B93 /* Sources */ = {
			isa = PBXSourcesBuildPhase;
			buildActionMask = 2147483647;
			files = (
				1B7F4AF714DB61A5002D1B93 /* main.m in Sources */,
				1B7F4AFE14DB61A5002D1B93 /* AppDelegate.m in Sources */,
				1B7F4B1F14DB6EB1002D1B93 /* NimbusFUSEFileSystem.m in Sources */,
				1BC9A27514DFBA2B00A7B9FE /* NimbusFile.m in Sources */,
				1B24960F14EB9B49007F8166 /* NSError+POSIX.m in Sources */,
				1B01DE78153165630017B737 /* NSAttributedString+Hyperlink.m in Sources */,
				83E09E4815886BC600A75EC1 /* MainWindowController.m in Sources */,
			);
			runOnlyForDeploymentPostprocessing = 0;
		};
/* End PBXSourcesBuildPhase section */

/* Begin PBXVariantGroup section */
		1B7F4AF314DB61A5002D1B93 /* InfoPlist.strings */ = {
			isa = PBXVariantGroup;
			children = (
				1B7F4AF414DB61A5002D1B93 /* en */,
			);
			name = InfoPlist.strings;
			sourceTree = "<group>";
		};
		1B7F4AF914DB61A5002D1B93 /* Credits.rtf */ = {
			isa = PBXVariantGroup;
			children = (
				1B7F4AFA14DB61A5002D1B93 /* en */,
			);
			name = Credits.rtf;
			sourceTree = "<group>";
		};
/* End PBXVariantGroup section */

/* Begin XCBuildConfiguration section */
		1B7F4B0514DB61A6002D1B93 /* Debug */ = {
			isa = XCBuildConfiguration;
			buildSettings = {
				ALWAYS_SEARCH_USER_PATHS = NO;
				ARCHS = "$(ARCHS_STANDARD_64_BIT)";
				COPY_PHASE_STRIP = NO;
				GCC_C_LANGUAGE_STANDARD = gnu99;
				GCC_DYNAMIC_NO_PIC = NO;
				GCC_ENABLE_OBJC_EXCEPTIONS = YES;
				GCC_OPTIMIZATION_LEVEL = 0;
				GCC_PREPROCESSOR_DEFINITIONS = (
					"DEBUG=1",
					"$(inherited)",
				);
				GCC_SYMBOLS_PRIVATE_EXTERN = NO;
				GCC_VERSION = com.apple.compilers.llvm.clang.1_0;
				GCC_WARN_64_TO_32_BIT_CONVERSION = YES;
				GCC_WARN_ABOUT_MISSING_PROTOTYPES = YES;
				GCC_WARN_ABOUT_RETURN_TYPE = YES;
				GCC_WARN_UNUSED_VARIABLE = YES;
				MACOSX_DEPLOYMENT_TARGET = 10.7;
				ONLY_ACTIVE_ARCH = YES;
				SDKROOT = macosx;
			};
			name = Debug;
		};
		1B7F4B0614DB61A6002D1B93 /* Release */ = {
			isa = XCBuildConfiguration;
			buildSettings = {
				ALWAYS_SEARCH_USER_PATHS = NO;
				ARCHS = "$(ARCHS_STANDARD_64_BIT)";
				COPY_PHASE_STRIP = YES;
				DEBUG_INFORMATION_FORMAT = "dwarf-with-dsym";
				GCC_C_LANGUAGE_STANDARD = gnu99;
				GCC_ENABLE_OBJC_EXCEPTIONS = YES;
				GCC_VERSION = com.apple.compilers.llvm.clang.1_0;
				GCC_WARN_64_TO_32_BIT_CONVERSION = YES;
				GCC_WARN_ABOUT_MISSING_PROTOTYPES = YES;
				GCC_WARN_ABOUT_RETURN_TYPE = YES;
				GCC_WARN_UNUSED_VARIABLE = YES;
				MACOSX_DEPLOYMENT_TARGET = 10.7;
				SDKROOT = macosx;
			};
			name = Release;
		};
		1B7F4B0814DB61A6002D1B93 /* Debug */ = {
			isa = XCBuildConfiguration;
			buildSettings = {
				ALWAYS_SEARCH_USER_PATHS = YES;
				GCC_PRECOMPILE_PREFIX_HEADER = YES;
				GCC_PREFIX_HEADER = "Nimbus/Nimbus-Prefix.pch";
				INFOPLIST_FILE = "Nimbus/Nimbus-Info.plist";
				LIBRARY_SEARCH_PATHS = (
					"$(inherited)",
					"\"$(SRCROOT)/../../../Library/Developer/Xcode/DerivedData/Nimbus-ddkbencdxnknxlanrbpwpfouqfqs/Build/Products/Debug\"",
				);
				MACOSX_DEPLOYMENT_TARGET = 10.6;
				OTHER_LDFLAGS = "-ObjC";
				PRODUCT_NAME = "$(TARGET_NAME)";
				USER_HEADER_SEARCH_PATHS = "${BUILT_PRODUCTS_DIR}/**";
				WRAPPER_EXTENSION = app;
			};
			name = Debug;
		};
		1B7F4B0914DB61A6002D1B93 /* Release */ = {
			isa = XCBuildConfiguration;
			buildSettings = {
				ALWAYS_SEARCH_USER_PATHS = YES;
				GCC_PRECOMPILE_PREFIX_HEADER = YES;
				GCC_PREFIX_HEADER = "Nimbus/Nimbus-Prefix.pch";
				INFOPLIST_FILE = "Nimbus/Nimbus-Info.plist";
				LIBRARY_SEARCH_PATHS = (
					"$(inherited)",
					"\"$(SRCROOT)/../../../Library/Developer/Xcode/DerivedData/Nimbus-ddkbencdxnknxlanrbpwpfouqfqs/Build/Products/Debug\"",
				);
				MACOSX_DEPLOYMENT_TARGET = 10.6;
				OTHER_LDFLAGS = "-ObjC";
				PRODUCT_NAME = "$(TARGET_NAME)";
				USER_HEADER_SEARCH_PATHS = "${BUILT_PRODUCTS_DIR}/**";
				WRAPPER_EXTENSION = app;
			};
			name = Release;
		};
/* End XCBuildConfiguration section */

/* Begin XCConfigurationList section */
		1B7F4AE014DB61A5002D1B93 /* Build configuration list for PBXProject "Nimbus" */ = {
			isa = XCConfigurationList;
			buildConfigurations = (
				1B7F4B0514DB61A6002D1B93 /* Debug */,
				1B7F4B0614DB61A6002D1B93 /* Release */,
			);
			defaultConfigurationIsVisible = 0;
			defaultConfigurationName = Release;
		};
		1B7F4B0714DB61A6002D1B93 /* Build configuration list for PBXNativeTarget "Nimbus" */ = {
			isa = XCConfigurationList;
			buildConfigurations = (
				1B7F4B0814DB61A6002D1B93 /* Debug */,
				1B7F4B0914DB61A6002D1B93 /* Release */,
			);
			defaultConfigurationIsVisible = 0;
			defaultConfigurationName = Release;
		};
/* End XCConfigurationList section */
	};
	rootObject = 1B7F4ADD14DB61A5002D1B93 /* Project object */;
}
