// !$*UTF8*$!
{
	archiveVersion = 1;
	classes = {
	};
	objectVersion = 46;
	objects = {

/* Begin PBXBuildFile section */
		1B11E5651A17F4A000970970 /* CloudApp.swift in Sources */ = {isa = PBXBuildFile; fileRef = 1B11E5641A17F4A000970970 /* CloudApp.swift */; };
		1B11E5861A18A2EE00970970 /* main.swift in Sources */ = {isa = PBXBuildFile; fileRef = 1B11E5841A17F7CF00970970 /* main.swift */; };
		1B6D3B9F1A11E56600BF2752 /* libCloud.a in Frameworks */ = {isa = PBXBuildFile; fileRef = 1B6D3B9C1A11E51300BF2752 /* libCloud.a */; };
		1BA1B8A71A19702800043881 /* CloudApp.swift in Sources */ = {isa = PBXBuildFile; fileRef = 1B11E5641A17F4A000970970 /* CloudApp.swift */; };
		1BA1B8A81A19702F00043881 /* libCloud.a in Frameworks */ = {isa = PBXBuildFile; fileRef = 1B6D3B9C1A11E51300BF2752 /* libCloud.a */; };
		1BDF9E881A11C41200E15C57 /* AppDelegate.swift in Sources */ = {isa = PBXBuildFile; fileRef = 1BDF9E871A11C41200E15C57 /* AppDelegate.swift */; };
		1BDF9E8A1A11C41200E15C57 /* ViewController.swift in Sources */ = {isa = PBXBuildFile; fileRef = 1BDF9E891A11C41200E15C57 /* ViewController.swift */; };
		1BDF9E8C1A11C41200E15C57 /* Images.xcassets in Resources */ = {isa = PBXBuildFile; fileRef = 1BDF9E8B1A11C41200E15C57 /* Images.xcassets */; };
		1BDF9E8F1A11C41200E15C57 /* Main.storyboard in Resources */ = {isa = PBXBuildFile; fileRef = 1BDF9E8D1A11C41200E15C57 /* Main.storyboard */; };
		1BDF9E9B1A11C41200E15C57 /* NimbusTests.swift in Sources */ = {isa = PBXBuildFile; fileRef = 1BDF9E9A1A11C41200E15C57 /* NimbusTests.swift */; };
/* End PBXBuildFile section */

/* Begin PBXContainerItemProxy section */
		1B6D3B9B1A11E51300BF2752 /* PBXContainerItemProxy */ = {
			isa = PBXContainerItemProxy;
			containerPortal = 1B6D3B971A11E51300BF2752 /* Cloud.xcodeproj */;
			proxyType = 2;
			remoteGlobalIDString = 4B1AB184130B69B900BD6A95;
			remoteInfo = Cloud;
		};
		1B6D3B9D1A11E54400BF2752 /* PBXContainerItemProxy */ = {
			isa = PBXContainerItemProxy;
			containerPortal = 1B6D3B971A11E51300BF2752 /* Cloud.xcodeproj */;
			proxyType = 1;
			remoteGlobalIDString = 4B1AB183130B69B900BD6A95;
			remoteInfo = Cloud;
		};
		1BA1B8A51A19702100043881 /* PBXContainerItemProxy */ = {
			isa = PBXContainerItemProxy;
			containerPortal = 1B6D3B971A11E51300BF2752 /* Cloud.xcodeproj */;
			proxyType = 1;
			remoteGlobalIDString = 4B1AB183130B69B900BD6A95;
			remoteInfo = Cloud;
		};
		1BDF9E951A11C41200E15C57 /* PBXContainerItemProxy */ = {
			isa = PBXContainerItemProxy;
			containerPortal = 1BDF9E7A1A11C41200E15C57 /* Project object */;
			proxyType = 1;
			remoteGlobalIDString = 1BDF9E811A11C41200E15C57;
			remoteInfo = Nimbus;
		};
/* End PBXContainerItemProxy section */

/* Begin PBXCopyFilesBuildPhase section */
		1B11E5681A17F76600970970 /* CopyFiles */ = {
			isa = PBXCopyFilesBuildPhase;
			buildActionMask = 2147483647;
			dstPath = /usr/share/man/man1/;
			dstSubfolderSpec = 0;
			files = (
			);
			runOnlyForDeploymentPostprocessing = 1;
		};
/* End PBXCopyFilesBuildPhase section */

/* Begin PBXFileReference section */
		1B11E5641A17F4A000970970 /* CloudApp.swift */ = {isa = PBXFileReference; fileEncoding = 4; lastKnownFileType = sourcecode.swift; path = CloudApp.swift; sourceTree = "<group>"; };
		1B11E56A1A17F76600970970 /* nimbus-cli */ = {isa = PBXFileReference; explicitFileType = "compiled.mach-o.executable"; includeInIndex = 0; path = "nimbus-cli"; sourceTree = BUILT_PRODUCTS_DIR; };
		1B11E5841A17F7CF00970970 /* main.swift */ = {isa = PBXFileReference; fileEncoding = 4; lastKnownFileType = sourcecode.swift; path = main.swift; sourceTree = "<group>"; };
		1B2FA90B1A11D0C20049AE09 /* Cloud-Bridging-Header.h */ = {isa = PBXFileReference; fileEncoding = 4; lastKnownFileType = sourcecode.c.h; name = "Cloud-Bridging-Header.h"; path = "../Cloud-Bridging-Header.h"; sourceTree = "<group>"; };
		1B6D3B971A11E51300BF2752 /* Cloud.xcodeproj */ = {isa = PBXFileReference; lastKnownFileType = "wrapper.pb-project"; name = Cloud.xcodeproj; path = "../cloud-api/Source/libCloud/Cloud.xcodeproj"; sourceTree = "<group>"; };
		1BA1B8B91A19704B00043881 /* Nimbus copy-Info.plist */ = {isa = PBXFileReference; lastKnownFileType = text.plist.xml; name = "Nimbus copy-Info.plist"; path = "/Users/sagar/workspace/Nimbus/Nimbus/Nimbus copy-Info.plist"; sourceTree = "<absolute>"; };
		1BDF9E821A11C41200E15C57 /* Nimbus.app */ = {isa = PBXFileReference; explicitFileType = wrapper.application; includeInIndex = 0; path = Nimbus.app; sourceTree = BUILT_PRODUCTS_DIR; };
		1BDF9E861A11C41200E15C57 /* Info.plist */ = {isa = PBXFileReference; lastKnownFileType = text.plist.xml; path = Info.plist; sourceTree = "<group>"; };
		1BDF9E871A11C41200E15C57 /* AppDelegate.swift */ = {isa = PBXFileReference; lastKnownFileType = sourcecode.swift; path = AppDelegate.swift; sourceTree = "<group>"; };
		1BDF9E891A11C41200E15C57 /* ViewController.swift */ = {isa = PBXFileReference; lastKnownFileType = sourcecode.swift; path = ViewController.swift; sourceTree = "<group>"; };
		1BDF9E8B1A11C41200E15C57 /* Images.xcassets */ = {isa = PBXFileReference; lastKnownFileType = folder.assetcatalog; path = Images.xcassets; sourceTree = "<group>"; };
		1BDF9E8E1A11C41200E15C57 /* Base */ = {isa = PBXFileReference; lastKnownFileType = file.storyboard; name = Base; path = Base.lproj/Main.storyboard; sourceTree = "<group>"; };
		1BDF9E941A11C41200E15C57 /* NimbusTests.xctest */ = {isa = PBXFileReference; explicitFileType = wrapper.cfbundle; includeInIndex = 0; path = NimbusTests.xctest; sourceTree = BUILT_PRODUCTS_DIR; };
		1BDF9E991A11C41200E15C57 /* Info.plist */ = {isa = PBXFileReference; lastKnownFileType = text.plist.xml; path = Info.plist; sourceTree = "<group>"; };
		1BDF9E9A1A11C41200E15C57 /* NimbusTests.swift */ = {isa = PBXFileReference; lastKnownFileType = sourcecode.swift; path = NimbusTests.swift; sourceTree = "<group>"; };
/* End PBXFileReference section */

/* Begin PBXFrameworksBuildPhase section */
		1B11E5671A17F76600970970 /* Frameworks */ = {
			isa = PBXFrameworksBuildPhase;
			buildActionMask = 2147483647;
			files = (
				1BA1B8A81A19702F00043881 /* libCloud.a in Frameworks */,
			);
			runOnlyForDeploymentPostprocessing = 0;
		};
		1BDF9E7F1A11C41200E15C57 /* Frameworks */ = {
			isa = PBXFrameworksBuildPhase;
			buildActionMask = 2147483647;
			files = (
				1B6D3B9F1A11E56600BF2752 /* libCloud.a in Frameworks */,
			);
			runOnlyForDeploymentPostprocessing = 0;
		};
		1BDF9E911A11C41200E15C57 /* Frameworks */ = {
			isa = PBXFrameworksBuildPhase;
			buildActionMask = 2147483647;
			files = (
			);
			runOnlyForDeploymentPostprocessing = 0;
		};
/* End PBXFrameworksBuildPhase section */

/* Begin PBXGroup section */
		1B6D3B981A11E51300BF2752 /* Products */ = {
			isa = PBXGroup;
			children = (
				1B6D3B9C1A11E51300BF2752 /* libCloud.a */,
			);
			name = Products;
			sourceTree = "<group>";
		};
		1BDF9E791A11C41200E15C57 = {
			isa = PBXGroup;
			children = (
				1B6D3B971A11E51300BF2752 /* Cloud.xcodeproj */,
				1BDF9E841A11C41200E15C57 /* Nimbus */,
				1BDF9E971A11C41200E15C57 /* NimbusTests */,
				1BDF9E831A11C41200E15C57 /* Products */,
				1BA1B8B91A19704B00043881 /* Nimbus copy-Info.plist */,
			);
			sourceTree = "<group>";
		};
		1BDF9E831A11C41200E15C57 /* Products */ = {
			isa = PBXGroup;
			children = (
				1BDF9E821A11C41200E15C57 /* Nimbus.app */,
				1BDF9E941A11C41200E15C57 /* NimbusTests.xctest */,
				1B11E56A1A17F76600970970 /* nimbus-cli */,
			);
			name = Products;
			sourceTree = "<group>";
		};
		1BDF9E841A11C41200E15C57 /* Nimbus */ = {
			isa = PBXGroup;
			children = (
				1B11E5641A17F4A000970970 /* CloudApp.swift */,
				1B2FA90B1A11D0C20049AE09 /* Cloud-Bridging-Header.h */,
				1BDF9E871A11C41200E15C57 /* AppDelegate.swift */,
				1B11E5841A17F7CF00970970 /* main.swift */,
				1BDF9E891A11C41200E15C57 /* ViewController.swift */,
				1BDF9E8B1A11C41200E15C57 /* Images.xcassets */,
				1BDF9E8D1A11C41200E15C57 /* Main.storyboard */,
				1BDF9E851A11C41200E15C57 /* Supporting Files */,
			);
			path = Nimbus;
			sourceTree = "<group>";
		};
		1BDF9E851A11C41200E15C57 /* Supporting Files */ = {
			isa = PBXGroup;
			children = (
				1BDF9E861A11C41200E15C57 /* Info.plist */,
			);
			name = "Supporting Files";
			sourceTree = "<group>";
		};
		1BDF9E971A11C41200E15C57 /* NimbusTests */ = {
			isa = PBXGroup;
			children = (
				1BDF9E9A1A11C41200E15C57 /* NimbusTests.swift */,
				1BDF9E981A11C41200E15C57 /* Supporting Files */,
			);
			path = NimbusTests;
			sourceTree = "<group>";
		};
		1BDF9E981A11C41200E15C57 /* Supporting Files */ = {
			isa = PBXGroup;
			children = (
				1BDF9E991A11C41200E15C57 /* Info.plist */,
			);
			name = "Supporting Files";
			sourceTree = "<group>";
		};
/* End PBXGroup section */

/* Begin PBXNativeTarget section */
		1B11E5691A17F76600970970 /* nimbus-cli */ = {
			isa = PBXNativeTarget;
			buildConfigurationList = 1B11E56E1A17F76600970970 /* Build configuration list for PBXNativeTarget "nimbus-cli" */;
			buildPhases = (
				1B11E5661A17F76600970970 /* Sources */,
				1B11E5671A17F76600970970 /* Frameworks */,
				1B11E5681A17F76600970970 /* CopyFiles */,
			);
			buildRules = (
			);
			dependencies = (
				1BA1B8A61A19702100043881 /* PBXTargetDependency */,
			);
			name = "nimbus-cli";
			productName = "nimbus-cli";
			productReference = 1B11E56A1A17F76600970970 /* nimbus-cli */;
			productType = "com.apple.product-type.tool";
		};
		1BDF9E811A11C41200E15C57 /* Nimbus */ = {
			isa = PBXNativeTarget;
			buildConfigurationList = 1BDF9E9E1A11C41200E15C57 /* Build configuration list for PBXNativeTarget "Nimbus" */;
			buildPhases = (
				1BDF9E7E1A11C41200E15C57 /* Sources */,
				1BDF9E7F1A11C41200E15C57 /* Frameworks */,
				1BDF9E801A11C41200E15C57 /* Resources */,
			);
			buildRules = (
			);
			dependencies = (
				1B6D3B9E1A11E54400BF2752 /* PBXTargetDependency */,
			);
			name = Nimbus;
			productName = Nimbus;
			productReference = 1BDF9E821A11C41200E15C57 /* Nimbus.app */;
			productType = "com.apple.product-type.application";
		};
		1BDF9E931A11C41200E15C57 /* NimbusTests */ = {
			isa = PBXNativeTarget;
			buildConfigurationList = 1BDF9EA11A11C41200E15C57 /* Build configuration list for PBXNativeTarget "NimbusTests" */;
			buildPhases = (
				1BDF9E901A11C41200E15C57 /* Sources */,
				1BDF9E911A11C41200E15C57 /* Frameworks */,
				1BDF9E921A11C41200E15C57 /* Resources */,
			);
			buildRules = (
			);
			dependencies = (
				1BDF9E961A11C41200E15C57 /* PBXTargetDependency */,
			);
			name = NimbusTests;
			productName = NimbusTests;
			productReference = 1BDF9E941A11C41200E15C57 /* NimbusTests.xctest */;
			productType = "com.apple.product-type.bundle.unit-test";
		};
/* End PBXNativeTarget section */

/* Begin PBXProject section */
		1BDF9E7A1A11C41200E15C57 /* Project object */ = {
			isa = PBXProject;
			attributes = {
				LastUpgradeCheck = 0610;
				ORGANIZATIONNAME = "Sagar Pandya";
				TargetAttributes = {
					1B11E5691A17F76600970970 = {
						CreatedOnToolsVersion = 6.1;
					};
					1BDF9E811A11C41200E15C57 = {
						CreatedOnToolsVersion = 6.1;
					};
					1BDF9E931A11C41200E15C57 = {
						CreatedOnToolsVersion = 6.1;
						TestTargetID = 1BDF9E811A11C41200E15C57;
					};
				};
			};
			buildConfigurationList = 1BDF9E7D1A11C41200E15C57 /* Build configuration list for PBXProject "Nimbus" */;
			compatibilityVersion = "Xcode 3.2";
			developmentRegion = English;
			hasScannedForEncodings = 0;
			knownRegions = (
				en,
				Base,
			);
			mainGroup = 1BDF9E791A11C41200E15C57;
			productRefGroup = 1BDF9E831A11C41200E15C57 /* Products */;
			projectDirPath = "";
			projectReferences = (
				{
					ProductGroup = 1B6D3B981A11E51300BF2752 /* Products */;
					ProjectRef = 1B6D3B971A11E51300BF2752 /* Cloud.xcodeproj */;
				},
			);
			projectRoot = "";
			targets = (
				1BDF9E811A11C41200E15C57 /* Nimbus */,
				1BDF9E931A11C41200E15C57 /* NimbusTests */,
				1B11E5691A17F76600970970 /* nimbus-cli */,
			);
		};
/* End PBXProject section */

/* Begin PBXReferenceProxy section */
		1B6D3B9C1A11E51300BF2752 /* libCloud.a */ = {
			isa = PBXReferenceProxy;
			fileType = archive.ar;
			path = libCloud.a;
			remoteRef = 1B6D3B9B1A11E51300BF2752 /* PBXContainerItemProxy */;
			sourceTree = BUILT_PRODUCTS_DIR;
		};
/* End PBXReferenceProxy section */

/* Begin PBXResourcesBuildPhase section */
		1BDF9E801A11C41200E15C57 /* Resources */ = {
			isa = PBXResourcesBuildPhase;
			buildActionMask = 2147483647;
			files = (
				1BDF9E8C1A11C41200E15C57 /* Images.xcassets in Resources */,
				1BDF9E8F1A11C41200E15C57 /* Main.storyboard in Resources */,
			);
			runOnlyForDeploymentPostprocessing = 0;
		};
		1BDF9E921A11C41200E15C57 /* Resources */ = {
			isa = PBXResourcesBuildPhase;
			buildActionMask = 2147483647;
			files = (
			);
			runOnlyForDeploymentPostprocessing = 0;
		};
/* End PBXResourcesBuildPhase section */

/* Begin PBXSourcesBuildPhase section */
		1B11E5661A17F76600970970 /* Sources */ = {
			isa = PBXSourcesBuildPhase;
			buildActionMask = 2147483647;
			files = (
				1BA1B8A71A19702800043881 /* CloudApp.swift in Sources */,
				1B11E5861A18A2EE00970970 /* main.swift in Sources */,
			);
			runOnlyForDeploymentPostprocessing = 0;
		};
		1BDF9E7E1A11C41200E15C57 /* Sources */ = {
			isa = PBXSourcesBuildPhase;
			buildActionMask = 2147483647;
			files = (
				1BDF9E8A1A11C41200E15C57 /* ViewController.swift in Sources */,
				1BDF9E881A11C41200E15C57 /* AppDelegate.swift in Sources */,
				1B11E5651A17F4A000970970 /* CloudApp.swift in Sources */,
			);
			runOnlyForDeploymentPostprocessing = 0;
		};
		1BDF9E901A11C41200E15C57 /* Sources */ = {
			isa = PBXSourcesBuildPhase;
			buildActionMask = 2147483647;
			files = (
				1BDF9E9B1A11C41200E15C57 /* NimbusTests.swift in Sources */,
			);
			runOnlyForDeploymentPostprocessing = 0;
		};
/* End PBXSourcesBuildPhase section */

/* Begin PBXTargetDependency section */
		1B6D3B9E1A11E54400BF2752 /* PBXTargetDependency */ = {
			isa = PBXTargetDependency;
			name = Cloud;
			targetProxy = 1B6D3B9D1A11E54400BF2752 /* PBXContainerItemProxy */;
		};
		1BA1B8A61A19702100043881 /* PBXTargetDependency */ = {
			isa = PBXTargetDependency;
			name = Cloud;
			targetProxy = 1BA1B8A51A19702100043881 /* PBXContainerItemProxy */;
		};
		1BDF9E961A11C41200E15C57 /* PBXTargetDependency */ = {
			isa = PBXTargetDependency;
			target = 1BDF9E811A11C41200E15C57 /* Nimbus */;
			targetProxy = 1BDF9E951A11C41200E15C57 /* PBXContainerItemProxy */;
		};
/* End PBXTargetDependency section */

/* Begin PBXVariantGroup section */
		1BDF9E8D1A11C41200E15C57 /* Main.storyboard */ = {
			isa = PBXVariantGroup;
			children = (
				1BDF9E8E1A11C41200E15C57 /* Base */,
			);
			name = Main.storyboard;
			sourceTree = "<group>";
		};
/* End PBXVariantGroup section */

/* Begin XCBuildConfiguration section */
		1B11E56F1A17F76600970970 /* Debug */ = {
			isa = XCBuildConfiguration;
			buildSettings = {
				GCC_PREPROCESSOR_DEFINITIONS = (
					"DEBUG=1",
					"$(inherited)",
				);
				LD_RUNPATH_SEARCH_PATHS = "$(inherited) @executable_path/../Frameworks";
				LIBRARY_SEARCH_PATHS = (
					"$(inherited)",
					"$(PROJECT_DIR)",
				);
				OTHER_LDFLAGS = "-ObjC";
				PRODUCT_NAME = "$(TARGET_NAME)";
				SWIFT_OBJC_BRIDGING_HEADER = "Cloud-Bridging-Header.h";
				USER_HEADER_SEARCH_PATHS = "../cloud-api/Source/libCloud/Cloud/**";
			};
			name = Debug;
		};
		1B11E5701A17F76600970970 /* Release */ = {
			isa = XCBuildConfiguration;
			buildSettings = {
				LD_RUNPATH_SEARCH_PATHS = "$(inherited) @executable_path/../Frameworks";
				LIBRARY_SEARCH_PATHS = (
					"$(inherited)",
					"$(PROJECT_DIR)",
				);
				OTHER_LDFLAGS = "-ObjC";
				PRODUCT_NAME = "$(TARGET_NAME)";
				SWIFT_OBJC_BRIDGING_HEADER = "Cloud-Bridging-Header.h";
				USER_HEADER_SEARCH_PATHS = "../cloud-api/Source/libCloud/Cloud/**";
			};
			name = Release;
		};
		1BDF9E9C1A11C41200E15C57 /* Debug */ = {
			isa = XCBuildConfiguration;
			buildSettings = {
				ALWAYS_SEARCH_USER_PATHS = NO;
				CLANG_CXX_LANGUAGE_STANDARD = "gnu++0x";
				CLANG_CXX_LIBRARY = "libc++";
				CLANG_ENABLE_MODULES = YES;
				CLANG_ENABLE_OBJC_ARC = YES;
				CLANG_WARN_BOOL_CONVERSION = YES;
				CLANG_WARN_CONSTANT_CONVERSION = YES;
				CLANG_WARN_DIRECT_OBJC_ISA_USAGE = YES_ERROR;
				CLANG_WARN_EMPTY_BODY = YES;
				CLANG_WARN_ENUM_CONVERSION = YES;
				CLANG_WARN_INT_CONVERSION = YES;
				CLANG_WARN_OBJC_ROOT_CLASS = YES_ERROR;
				CLANG_WARN_UNREACHABLE_CODE = YES;
				CLANG_WARN__DUPLICATE_METHOD_MATCH = YES;
				CODE_SIGN_IDENTITY = "-";
				COPY_PHASE_STRIP = NO;
				ENABLE_STRICT_OBJC_MSGSEND = YES;
				GCC_C_LANGUAGE_STANDARD = gnu99;
				GCC_DYNAMIC_NO_PIC = NO;
				GCC_OPTIMIZATION_LEVEL = 0;
				GCC_PREPROCESSOR_DEFINITIONS = (
					"DEBUG=1",
					"$(inherited)",
				);
				GCC_SYMBOLS_PRIVATE_EXTERN = NO;
				GCC_WARN_64_TO_32_BIT_CONVERSION = YES;
				GCC_WARN_ABOUT_RETURN_TYPE = YES_ERROR;
				GCC_WARN_UNDECLARED_SELECTOR = YES;
				GCC_WARN_UNINITIALIZED_AUTOS = YES_AGGRESSIVE;
				GCC_WARN_UNUSED_FUNCTION = YES;
				GCC_WARN_UNUSED_VARIABLE = YES;
				MACOSX_DEPLOYMENT_TARGET = 10.10;
				MTL_ENABLE_DEBUG_INFO = YES;
				ONLY_ACTIVE_ARCH = YES;
				SDKROOT = macosx;
				SWIFT_OPTIMIZATION_LEVEL = "-Onone";
			};
			name = Debug;
		};
		1BDF9E9D1A11C41200E15C57 /* Release */ = {
			isa = XCBuildConfiguration;
			buildSettings = {
				ALWAYS_SEARCH_USER_PATHS = NO;
				CLANG_CXX_LANGUAGE_STANDARD = "gnu++0x";
				CLANG_CXX_LIBRARY = "libc++";
				CLANG_ENABLE_MODULES = YES;
				CLANG_ENABLE_OBJC_ARC = YES;
				CLANG_WARN_BOOL_CONVERSION = YES;
				CLANG_WARN_CONSTANT_CONVERSION = YES;
				CLANG_WARN_DIRECT_OBJC_ISA_USAGE = YES_ERROR;
				CLANG_WARN_EMPTY_BODY = YES;
				CLANG_WARN_ENUM_CONVERSION = YES;
				CLANG_WARN_INT_CONVERSION = YES;
				CLANG_WARN_OBJC_ROOT_CLASS = YES_ERROR;
				CLANG_WARN_UNREACHABLE_CODE = YES;
				CLANG_WARN__DUPLICATE_METHOD_MATCH = YES;
				CODE_SIGN_IDENTITY = "-";
				COPY_PHASE_STRIP = YES;
				DEBUG_INFORMATION_FORMAT = "dwarf-with-dsym";
				ENABLE_NS_ASSERTIONS = NO;
				ENABLE_STRICT_OBJC_MSGSEND = YES;
				GCC_C_LANGUAGE_STANDARD = gnu99;
				GCC_WARN_64_TO_32_BIT_CONVERSION = YES;
				GCC_WARN_ABOUT_RETURN_TYPE = YES_ERROR;
				GCC_WARN_UNDECLARED_SELECTOR = YES;
				GCC_WARN_UNINITIALIZED_AUTOS = YES_AGGRESSIVE;
				GCC_WARN_UNUSED_FUNCTION = YES;
				GCC_WARN_UNUSED_VARIABLE = YES;
				MACOSX_DEPLOYMENT_TARGET = 10.10;
				MTL_ENABLE_DEBUG_INFO = NO;
				SDKROOT = macosx;
			};
			name = Release;
		};
		1BDF9E9F1A11C41200E15C57 /* Debug */ = {
			isa = XCBuildConfiguration;
			buildSettings = {
				ASSETCATALOG_COMPILER_APPICON_NAME = AppIcon;
				COMBINE_HIDPI_IMAGES = YES;
				INFOPLIST_FILE = Nimbus/Info.plist;
				LD_RUNPATH_SEARCH_PATHS = "$(inherited) @executable_path/../Frameworks";
				LIBRARY_SEARCH_PATHS = (
					"$(inherited)",
					"$(PROJECT_DIR)",
				);
				OTHER_LDFLAGS = "-ObjC";
				PRODUCT_NAME = "$(TARGET_NAME)";
				SWIFT_OBJC_BRIDGING_HEADER = "Cloud-Bridging-Header.h";
				USER_HEADER_SEARCH_PATHS = "../cloud-api/Source/libCloud/Cloud/**";
			};
			name = Debug;
		};
		1BDF9EA01A11C41200E15C57 /* Release */ = {
			isa = XCBuildConfiguration;
			buildSettings = {
				ASSETCATALOG_COMPILER_APPICON_NAME = AppIcon;
				COMBINE_HIDPI_IMAGES = YES;
				INFOPLIST_FILE = Nimbus/Info.plist;
				LD_RUNPATH_SEARCH_PATHS = "$(inherited) @executable_path/../Frameworks";
				LIBRARY_SEARCH_PATHS = (
					"$(inherited)",
					"$(PROJECT_DIR)",
				);
				OTHER_LDFLAGS = "-ObjC";
				PRODUCT_NAME = "$(TARGET_NAME)";
				SWIFT_OBJC_BRIDGING_HEADER = "Cloud-Bridging-Header.h";
				USER_HEADER_SEARCH_PATHS = "../cloud-api/Source/libCloud/Cloud/**";
			};
			name = Release;
		};
		1BDF9EA21A11C41200E15C57 /* Debug */ = {
			isa = XCBuildConfiguration;
			buildSettings = {
				BUNDLE_LOADER = "$(TEST_HOST)";
				COMBINE_HIDPI_IMAGES = YES;
				FRAMEWORK_SEARCH_PATHS = (
					"$(DEVELOPER_FRAMEWORKS_DIR)",
					"$(inherited)",
				);
				GCC_PREPROCESSOR_DEFINITIONS = (
					"DEBUG=1",
					"$(inherited)",
				);
				INFOPLIST_FILE = NimbusTests/Info.plist;
				LD_RUNPATH_SEARCH_PATHS = "$(inherited) @executable_path/../Frameworks @loader_path/../Frameworks";
				PRODUCT_NAME = "$(TARGET_NAME)";
				TEST_HOST = "$(BUILT_PRODUCTS_DIR)/Nimbus.app/Contents/MacOS/Nimbus";
			};
			name = Debug;
		};
		1BDF9EA31A11C41200E15C57 /* Release */ = {
			isa = XCBuildConfiguration;
			buildSettings = {
				BUNDLE_LOADER = "$(TEST_HOST)";
				COMBINE_HIDPI_IMAGES = YES;
				FRAMEWORK_SEARCH_PATHS = (
					"$(DEVELOPER_FRAMEWORKS_DIR)",
					"$(inherited)",
				);
				INFOPLIST_FILE = NimbusTests/Info.plist;
				LD_RUNPATH_SEARCH_PATHS = "$(inherited) @executable_path/../Frameworks @loader_path/../Frameworks";
				PRODUCT_NAME = "$(TARGET_NAME)";
				TEST_HOST = "$(BUILT_PRODUCTS_DIR)/Nimbus.app/Contents/MacOS/Nimbus";
			};
			name = Release;
		};
/* End XCBuildConfiguration section */

/* Begin XCConfigurationList section */
		1B11E56E1A17F76600970970 /* Build configuration list for PBXNativeTarget "nimbus-cli" */ = {
			isa = XCConfigurationList;
			buildConfigurations = (
				1B11E56F1A17F76600970970 /* Debug */,
				1B11E5701A17F76600970970 /* Release */,
			);
			defaultConfigurationIsVisible = 0;
			defaultConfigurationName = Release;
		};
		1BDF9E7D1A11C41200E15C57 /* Build configuration list for PBXProject "Nimbus" */ = {
			isa = XCConfigurationList;
			buildConfigurations = (
				1BDF9E9C1A11C41200E15C57 /* Debug */,
				1BDF9E9D1A11C41200E15C57 /* Release */,
			);
			defaultConfigurationIsVisible = 0;
			defaultConfigurationName = Release;
		};
		1BDF9E9E1A11C41200E15C57 /* Build configuration list for PBXNativeTarget "Nimbus" */ = {
			isa = XCConfigurationList;
			buildConfigurations = (
				1BDF9E9F1A11C41200E15C57 /* Debug */,
				1BDF9EA01A11C41200E15C57 /* Release */,
			);
			defaultConfigurationIsVisible = 0;
			defaultConfigurationName = Release;
		};
		1BDF9EA11A11C41200E15C57 /* Build configuration list for PBXNativeTarget "NimbusTests" */ = {
			isa = XCConfigurationList;
			buildConfigurations = (
				1BDF9EA21A11C41200E15C57 /* Debug */,
				1BDF9EA31A11C41200E15C57 /* Release */,
			);
			defaultConfigurationIsVisible = 0;
			defaultConfigurationName = Release;
		};
/* End XCConfigurationList section */
	};
	rootObject = 1BDF9E7A1A11C41200E15C57 /* Project object */;
}
